<?xml version="1.0" encoding="utf-8"?>
<Project ToolsVersion="4.0" xmlns="http://schemas.microsoft.com/developer/msbuild/2003">
  <ItemGroup>
    <Filter Include="Quelldateien">
      <UniqueIdentifier>{4FC737F1-C7A5-4376-A066-2A32D752A2FF}</UniqueIdentifier>
      <Extensions>cpp;c;cc;cxx;def;odl;idl;hpj;bat;asm;asmx</Extensions>
    </Filter>
    <Filter Include="Headerdateien">
      <UniqueIdentifier>{93995380-89BD-4b04-88EB-625FBE52EBFB}</UniqueIdentifier>
      <Extensions>h;hh;hpp;hxx;hm;inl;inc;ipp;xsd</Extensions>
    </Filter>
    <Filter Include="Ressourcendateien">
      <UniqueIdentifier>{67DA6AB6-F800-4c08-8B7A-83BB121AAD01}</UniqueIdentifier>
      <Extensions>rc;ico;cur;bmp;dlg;rc2;rct;bin;rgs;gif;jpg;jpeg;jpe;resx;tiff;tif;png;wav;mfcribbon-ms</Extensions>
    </Filter>
    <Filter Include="Headerdateien\Rendering">
      <UniqueIdentifier>{a0cf0897-30f4-410f-b1a4-9f30dafc22d5}</UniqueIdentifier>
    </Filter>
    <Filter Include="Quelldateien\Rendering">
      <UniqueIdentifier>{cc168ff6-68e0-42d9-880a-4e6895f6bfc5}</UniqueIdentifier>
    </Filter>
    <Filter Include="Shaders">
      <UniqueIdentifier>{2b6ad566-7bdf-4adf-a322-05e26b791b09}</UniqueIdentifier>
    </Filter>
    <Filter Include="Headerdateien\Rendering\Shaders">
      <UniqueIdentifier>{3a25a718-243e-4419-b69c-914e428b7c60}</UniqueIdentifier>
    </Filter>
    <Filter Include="Quelldateien\Rendering\Shaders">
      <UniqueIdentifier>{1545de75-f2d4-4c06-93db-02651dee4512}</UniqueIdentifier>
    </Filter>
    <Filter Include="Quelldateien\Rendering\Scene">
      <UniqueIdentifier>{6a72fa3e-2ed1-4808-a701-38985597c970}</UniqueIdentifier>
    </Filter>
    <Filter Include="Headerdateien\Rendering\Scene">
      <UniqueIdentifier>{94bc5970-6c5e-450f-9d64-d87039558c57}</UniqueIdentifier>
    </Filter>
    <Filter Include="Headerdateien\Framework">
      <UniqueIdentifier>{2f9bc195-8885-4565-a190-c0a28ada3e4a}</UniqueIdentifier>
    </Filter>
    <Filter Include="Quelldateien\Framework">
      <UniqueIdentifier>{8b2021f2-efab-4548-9028-ca5f13c434e0}</UniqueIdentifier>
    </Filter>
  </ItemGroup>
  <ItemGroup>
    <ClInclude Include="Renderer.h">
      <Filter>Headerdateien\Rendering</Filter>
    </ClInclude>
    <ClInclude Include="Graphics.h">
      <Filter>Headerdateien\Rendering</Filter>
    </ClInclude>
    <ClInclude Include="Shader.h">
      <Filter>Headerdateien\Rendering\Shaders</Filter>
    </ClInclude>
    <ClInclude Include="Transform.h">
      <Filter>Headerdateien\Rendering</Filter>
    </ClInclude>
    <ClInclude Include="VertexBuffer.h">
      <Filter>Headerdateien\Rendering</Filter>
    </ClInclude>
    <ClInclude Include="IndexBuffer.h">
      <Filter>Headerdateien\Rendering</Filter>
    </ClInclude>
    <ClInclude Include="Scene.h">
      <Filter>Headerdateien\Rendering\Scene</Filter>
    </ClInclude>
    <ClInclude Include="SceneObject.h">
      <Filter>Headerdateien\Rendering\Scene</Filter>
    </ClInclude>
    <ClInclude Include="Camera.h">
      <Filter>Headerdateien\Rendering\Scene</Filter>
    </ClInclude>
    <ClInclude Include="Light.h">
      <Filter>Headerdateien\Rendering\Scene</Filter>
    </ClInclude>
    <ClInclude Include="Window.h">
      <Filter>Headerdateien\Framework</Filter>
    </ClInclude>
    <ClInclude Include="targetver.h">
      <Filter>Headerdateien\Framework</Filter>
    </ClInclude>
    <ClInclude Include="framework.h">
      <Filter>Headerdateien\Framework</Filter>
    </ClInclude>
    <ClInclude Include="resource.h">
      <Filter>Headerdateien\Framework</Filter>
    </ClInclude>
    <ClInclude Include="ErrorHandling.h">
      <Filter>Headerdateien\Framework</Filter>
    </ClInclude>
    <ClInclude Include="Application.h">
      <Filter>Headerdateien\Framework</Filter>
    </ClInclude>
  </ItemGroup>
  <ItemGroup>
    <ClCompile Include="Renderer.cpp">
      <Filter>Quelldateien\Rendering</Filter>
    </ClCompile>
    <ClCompile Include="VertexShader.cpp">
      <Filter>Quelldateien\Rendering\Shaders</Filter>
    </ClCompile>
    <ClCompile Include="Shader.cpp">
      <Filter>Quelldateien\Rendering\Shaders</Filter>
    </ClCompile>
    <ClCompile Include="PixelShader.cpp">
      <Filter>Quelldateien\Rendering\Shaders</Filter>
    </ClCompile>
    <ClCompile Include="Transform.cpp">
      <Filter>Quelldateien\Rendering</Filter>
    </ClCompile>
    <ClCompile Include="VertexBuffer.cpp">
      <Filter>Quelldateien\Rendering</Filter>
    </ClCompile>
    <ClCompile Include="IndexBuffer.cpp">
      <Filter>Quelldateien\Rendering</Filter>
    </ClCompile>
    <ClCompile Include="Light.cpp">
      <Filter>Quelldateien\Rendering\Scene</Filter>
    </ClCompile>
    <ClCompile Include="Scene.cpp">
      <Filter>Quelldateien\Rendering\Scene</Filter>
    </ClCompile>
    <ClCompile Include="SceneObject.cpp">
      <Filter>Quelldateien\Rendering\Scene</Filter>
    </ClCompile>
    <ClCompile Include="Camera.cpp">
      <Filter>Quelldateien\Rendering\Scene</Filter>
    </ClCompile>
    <ClCompile Include="Window.cpp">
      <Filter>Quelldateien\Framework</Filter>
    </ClCompile>
    <ClCompile Include="Main.cpp">
      <Filter>Quelldateien\Framework</Filter>
    </ClCompile>
    <ClCompile Include="Application.cpp">
      <Filter>Quelldateien\Framework</Filter>
    </ClCompile>
  </ItemGroup>
  <ItemGroup>
    <Image Include="small.ico">
      <Filter>Ressourcendateien</Filter>
    </Image>
    <Image Include="RTRHairModelling.ico">
      <Filter>Ressourcendateien</Filter>
    </Image>
  </ItemGroup>
  <ItemGroup>
    <FxCompile Include="Shaders\PixelShader.hlsl">
      <Filter>Shaders</Filter>
    </FxCompile>
    <FxCompile Include="Shaders\VertexShader.hlsl">
      <Filter>Shaders</Filter>
    </FxCompile>
  </ItemGroup>
  <ItemGroup>
    <ResourceCompile Include="RTRHairModelling.rc">
      <Filter>Ressourcendateien</Filter>
    </ResourceCompile>
  </ItemGroup>
</Project>