<?xml version="1.0" encoding="utf-8"?>
<Project ToolsVersion="4.0" xmlns="http://schemas.microsoft.com/developer/msbuild/2003">
  <ItemGroup>
    <Filter Include="Quelldateien">
      <UniqueIdentifier>{4FC737F1-C7A5-4376-A066-2A32D752A2FF}</UniqueIdentifier>
      <Extensions>cpp;c;cc;cxx;def;odl;idl;hpj;bat;asm;asmx</Extensions>
    </Filter>
    <Filter Include="Headerdateien">
      <UniqueIdentifier>{93995380-89BD-4b04-88EB-625FBE52EBFB}</UniqueIdentifier>
      <Extensions>h;hh;hpp;hxx;hm;inl;inc;ipp;xsd</Extensions>
    </Filter>
    <Filter Include="Ressourcendateien">
      <UniqueIdentifier>{67DA6AB6-F800-4c08-8B7A-83BB121AAD01}</UniqueIdentifier>
      <Extensions>rc;ico;cur;bmp;dlg;rc2;rct;bin;rgs;gif;jpg;jpeg;jpe;resx;tiff;tif;png;wav;mfcribbon-ms</Extensions>
    </Filter>
    <Filter Include="Headerdateien\Rendering">
      <UniqueIdentifier>{a0cf0897-30f4-410f-b1a4-9f30dafc22d5}</UniqueIdentifier>
    </Filter>
    <Filter Include="Quelldateien\Rendering">
      <UniqueIdentifier>{cc168ff6-68e0-42d9-880a-4e6895f6bfc5}</UniqueIdentifier>
    </Filter>
    <Filter Include="Shaders">
      <UniqueIdentifier>{2b6ad566-7bdf-4adf-a322-05e26b791b09}</UniqueIdentifier>
    </Filter>
    <Filter Include="Headerdateien\Framework">
      <UniqueIdentifier>{2f9bc195-8885-4565-a190-c0a28ada3e4a}</UniqueIdentifier>
    </Filter>
    <Filter Include="Quelldateien\Framework">
      <UniqueIdentifier>{8b2021f2-efab-4548-9028-ca5f13c434e0}</UniqueIdentifier>
    </Filter>
    <Filter Include="Headerdateien\FileReading">
      <UniqueIdentifier>{a44e169b-e5d0-4c5b-8b78-580d3a0f8760}</UniqueIdentifier>
    </Filter>
    <Filter Include="Quelldateien\FileReading">
      <UniqueIdentifier>{a6c0caac-2b79-4162-a74e-50b47523026a}</UniqueIdentifier>
    </Filter>
    <Filter Include="ModelData">
      <UniqueIdentifier>{65043805-3648-4b2d-b368-0b4fb9bbe176}</UniqueIdentifier>
    </Filter>
  </ItemGroup>
  <ItemGroup>
    <Image Include="small.ico">
      <Filter>Ressourcendateien</Filter>
    </Image>
    <Image Include="RTRHairModelling.ico">
      <Filter>Ressourcendateien</Filter>
    </Image>
    <Image Include="ModelData\AngelinaFaceDiffuse.png">
      <Filter>ModelData</Filter>
    </Image>
  </ItemGroup>
  <ItemGroup>
    <FxCompile Include="Shaders\StandardGS.hlsl">
      <Filter>Shaders</Filter>
    </FxCompile>
    <FxCompile Include="Shaders\StandardVS.hlsl">
      <Filter>Shaders</Filter>
    </FxCompile>
    <FxCompile Include="Shaders\UnlitPS.hlsl">
      <Filter>Shaders</Filter>
    </FxCompile>
    <FxCompile Include="Shaders\FlatVS.hlsl">
      <Filter>Shaders</Filter>
    </FxCompile>
    <FxCompile Include="Shaders\MonoColorPS.hlsl">
      <Filter>Shaders</Filter>
    </FxCompile>
    <FxCompile Include="Shaders\LitPS.hlsl">
      <Filter>Shaders</Filter>
    </FxCompile>
    <FxCompile Include="Shaders\HairVS.hlsl">
      <Filter>Shaders</Filter>
    </FxCompile>
    <FxCompile Include="Shaders\HairGS.hlsl">
      <Filter>Shaders</Filter>
    </FxCompile>
  </ItemGroup>
  <ItemGroup>
    <ResourceCompile Include="RTRHairModelling.rc">
      <Filter>Ressourcendateien</Filter>
    </ResourceCompile>
  </ItemGroup>
  <ItemGroup>
    <ClInclude Include="src\Header Files\FileReading\RawFile.h">
      <Filter>Headerdateien\FileReading</Filter>
    </ClInclude>
    <ClInclude Include="src\Header Files\Framework\Application.h">
      <Filter>Headerdateien\Framework</Filter>
    </ClInclude>
    <ClInclude Include="src\Header Files\Framework\ErrorHandling.h">
      <Filter>Headerdateien\Framework</Filter>
    </ClInclude>
    <ClInclude Include="src\Header Files\Framework\framework.h">
      <Filter>Headerdateien\Framework</Filter>
    </ClInclude>
    <ClInclude Include="src\Header Files\Framework\resource.h">
      <Filter>Headerdateien\Framework</Filter>
    </ClInclude>
    <ClInclude Include="src\Header Files\Framework\targetver.h">
      <Filter>Headerdateien\Framework</Filter>
    </ClInclude>
    <ClInclude Include="src\Header Files\Framework\Window.h">
      <Filter>Headerdateien\Framework</Filter>
    </ClInclude>
    <ClInclude Include="src\Header Files\Rendering\Camera.h">
      <Filter>Headerdateien\Rendering</Filter>
    </ClInclude>
    <ClInclude Include="src\Header Files\Rendering\Color.h">
      <Filter>Headerdateien\Rendering</Filter>
    </ClInclude>
    <ClInclude Include="src\Header Files\Rendering\Graphics.h">
      <Filter>Headerdateien\Rendering</Filter>
    </ClInclude>
    <ClInclude Include="src\Header Files\Rendering\IndexBuffer.h">
      <Filter>Headerdateien\Rendering</Filter>
    </ClInclude>
    <ClInclude Include="src\Header Files\Rendering\Light.h">
      <Filter>Headerdateien\Rendering</Filter>
    </ClInclude>
    <ClInclude Include="src\Header Files\Rendering\Mesh.h">
      <Filter>Headerdateien\Rendering</Filter>
    </ClInclude>
    <ClInclude Include="src\Header Files\Rendering\Renderer.h">
      <Filter>Headerdateien\Rendering</Filter>
    </ClInclude>
    <ClInclude Include="src\Header Files\Rendering\Scene.h">
      <Filter>Headerdateien\Rendering</Filter>
    </ClInclude>
    <ClInclude Include="src\Header Files\Rendering\SceneObject.h">
      <Filter>Headerdateien\Rendering</Filter>
    </ClInclude>
    <ClInclude Include="src\Header Files\Rendering\Shader.h">
      <Filter>Headerdateien\Rendering</Filter>
    </ClInclude>
    <ClInclude Include="src\Header Files\Rendering\Transform.h">
      <Filter>Headerdateien\Rendering</Filter>
    </ClInclude>
    <ClInclude Include="src\Header Files\Rendering\Vertex.h">
      <Filter>Headerdateien\Rendering</Filter>
    </ClInclude>
    <ClInclude Include="src\Header Files\Rendering\VertexBuffer.h">
      <Filter>Headerdateien\Rendering</Filter>
    </ClInclude>
    <ClInclude Include="src\Header Files\Rendering\Device.h">
      <Filter>Headerdateien\Rendering</Filter>
    </ClInclude>
    <ClInclude Include="src\Header Files\Rendering\SplitScreen.h">
      <Filter>Headerdateien\Rendering</Filter>
    </ClInclude>
    <ClInclude Include="src\Header Files\Rendering\DeviceAccess.h">
      <Filter>Headerdateien\Rendering</Filter>
    </ClInclude>
    <ClInclude Include="src\Header Files\Rendering\ConstantBuffer.h">
      <Filter>Headerdateien\Rendering</Filter>
    </ClInclude>
    <ClInclude Include="src\Header Files\Rendering\InputLayoutDescription.h">
      <Filter>Headerdateien\Rendering</Filter>
    </ClInclude>
    <ClInclude Include="src\Header Files\Rendering\Texture.h">
      <Filter>Headerdateien\Rendering</Filter>
    </ClInclude>
  </ItemGroup>
  <ItemGroup>
    <None Include="ModelData\AngelinaDiffuseTex2048.raw">
      <Filter>ModelData</Filter>
    </None>
    <None Include="ModelData\AngelinaHeadIB.raw">
      <Filter>ModelData</Filter>
    </None>
    <None Include="ModelData\AngelinaHeadVB.raw">
      <Filter>ModelData</Filter>
    </None>
  </ItemGroup>
  <ItemGroup>
    <ClCompile Include="src\Source Files\FileReading\RawFile.cpp">
      <Filter>Quelldateien\FileReading</Filter>
    </ClCompile>
    <ClCompile Include="src\Source Files\Framework\Application.cpp">
      <Filter>Quelldateien\Framework</Filter>
    </ClCompile>
    <ClCompile Include="src\Source Files\Framework\Main.cpp">
      <Filter>Quelldateien\Framework</Filter>
    </ClCompile>
    <ClCompile Include="src\Source Files\Framework\Window.cpp">
      <Filter>Quelldateien\Framework</Filter>
    </ClCompile>
    <ClCompile Include="src\Source Files\Rendering\Camera.cpp">
      <Filter>Quelldateien\Rendering</Filter>
    </ClCompile>
    <ClCompile Include="src\Source Files\Rendering\IndexBuffer.cpp">
      <Filter>Quelldateien\Rendering</Filter>
    </ClCompile>
    <ClCompile Include="src\Source Files\Rendering\PixelShader.cpp">
      <Filter>Quelldateien\Rendering</Filter>
    </ClCompile>
    <ClCompile Include="src\Source Files\Rendering\Renderer.cpp">
      <Filter>Quelldateien\Rendering</Filter>
    </ClCompile>
    <ClCompile Include="src\Source Files\Rendering\Scene.cpp">
      <Filter>Quelldateien\Rendering</Filter>
    </ClCompile>
    <ClCompile Include="src\Source Files\Rendering\SceneObject.cpp">
      <Filter>Quelldateien\Rendering</Filter>
    </ClCompile>
    <ClCompile Include="src\Source Files\Rendering\Shader.cpp">
      <Filter>Quelldateien\Rendering</Filter>
    </ClCompile>
    <ClCompile Include="src\Source Files\Rendering\Transform.cpp">
      <Filter>Quelldateien\Rendering</Filter>
    </ClCompile>
    <ClCompile Include="src\Source Files\Rendering\VertexShader.cpp">
      <Filter>Quelldateien\Rendering</Filter>
    </ClCompile>
    <ClCompile Include="src\Source Files\Rendering\GeometryShader.cpp">
      <Filter>Quelldateien\Rendering</Filter>
    </ClCompile>
    <ClCompile Include="src\Source Files\Rendering\Device.cpp">
      <Filter>Quelldateien\Rendering</Filter>
    </ClCompile>
    <ClCompile Include="src\Source Files\Rendering\SplitScreen.cpp">
      <Filter>Quelldateien\Rendering</Filter>
    </ClCompile>
    <ClCompile Include="src\Source Files\Rendering\DeviceAccess.cpp">
      <Filter>Quelldateien\Rendering</Filter>
    </ClCompile>
    <ClCompile Include="src\Source Files\Rendering\Texture.cpp">
      <Filter>Quelldateien\Rendering</Filter>
    </ClCompile>
  </ItemGroup>
</Project>